
Microsoft Visual Studio Solution File, Format Version 12.00
# Visual Studio Version 17
VisualStudioVersion = 17.6.33927.249
MinimumVisualStudioVersion = 10.0.40219.1
Project("{FAE04EC0-301F-11D3-BF4B-00C04F79EFBC}") = "GitHubApi", "GitHubApi\GitHubApi.csproj", "{D9E9DF01-E1E2-4741-9E61-3B3C493E1220}"
EndProject
Global
	GlobalSection(SolutionConfigurationPlatforms) = preSolution
		Debug|Any CPU = Debug|Any CPU
		Release|Any CPU = Release|Any CPU
	EndGlobalSection
	GlobalSection(ProjectConfigurationPlatforms) = postSolution
		{D9E9DF01-E1E2-4741-9E61-3B3C493E1220}.Debug|Any CPU.ActiveCfg = Debug|Any CPU
		{D9E9DF01-E1E2-4741-9E61-3B3C493E1220}.Debug|Any CPU.Build.0 = Debug|Any CPU
		{D9E9DF01-E1E2-4741-9E61-3B3C493E1220}.Release|Any CPU.ActiveCfg = Release|Any CPU
		{D9E9DF01-E1E2-4741-9E61-3B3C493E1220}.Release|Any CPU.Build.0 = Release|Any CPU
	EndGlobalSection
	GlobalSection(SolutionProperties) = preSolution
		HideSolutionNode = FALSE
	EndGlobalSection
	GlobalSection(ExtensibilityGlobals) = postSolution
		SolutionGuid = {CF41A7A6-45C4-4F6D-883B-D353279DD4F1}
	EndGlobalSection
EndGlobal
